
Microsoft Visual Studio Solution File, Format Version 12.00
# Visual Studio Version 17
VisualStudioVersion = 17.9.34701.34
MinimumVisualStudioVersion = 10.0.40219.1
Project("{FAE04EC0-301F-11D3-BF4B-00C04F79EFBC}") = "FortressSurvivor", "FortressSurvivor.csproj", "{E6803576-5AD4-493C-A4F3-567E45342B92}"
EndProject
Global
	GlobalSection(SolutionConfigurationPlatforms) = preSolution
		Debug|Any CPU = Debug|Any CPU
		Release|Any CPU = Release|Any CPU
	EndGlobalSection
	GlobalSection(ProjectConfigurationPlatforms) = postSolution
		{E6803576-5AD4-493C-A4F3-567E45342B92}.Debug|Any CPU.ActiveCfg = Debug|Any CPU
		{E6803576-5AD4-493C-A4F3-567E45342B92}.Debug|Any CPU.Build.0 = Debug|Any CPU
		{E6803576-5AD4-493C-A4F3-567E45342B92}.Release|Any CPU.ActiveCfg = Release|Any CPU
		{E6803576-5AD4-493C-A4F3-567E45342B92}.Release|Any CPU.Build.0 = Release|Any CPU
	EndGlobalSection
	GlobalSection(SolutionProperties) = preSolution
		HideSolutionNode = FALSE
	EndGlobalSection
	GlobalSection(ExtensibilityGlobals) = postSolution
		SolutionGuid = {F02A96CF-FF84-4512-ACD5-3E7A066A33C2}
	EndGlobalSection
EndGlobal
