
Microsoft Visual Studio Solution File, Format Version 12.00
# Visual Studio Version 17
VisualStudioVersion = 17.9.34701.34
MinimumVisualStudioVersion = 10.0.40219.1
Project("{9A19103F-16F7-4668-BE54-9A1E7A4F7556}") = "FortressSurvivor", "FortressSurvivor.csproj", "{386A8FA2-A62C-420E-8181-9C9700AD77F6}"
EndProject
Global
	GlobalSection(SolutionConfigurationPlatforms) = preSolution
		Debug|Any CPU = Debug|Any CPU
		Release|Any CPU = Release|Any CPU
	EndGlobalSection
	GlobalSection(ProjectConfigurationPlatforms) = postSolution
		{386A8FA2-A62C-420E-8181-9C9700AD77F6}.Debug|Any CPU.ActiveCfg = Debug|Any CPU
		{386A8FA2-A62C-420E-8181-9C9700AD77F6}.Debug|Any CPU.Build.0 = Debug|Any CPU
		{386A8FA2-A62C-420E-8181-9C9700AD77F6}.Release|Any CPU.ActiveCfg = Release|Any CPU
		{386A8FA2-A62C-420E-8181-9C9700AD77F6}.Release|Any CPU.Build.0 = Release|Any CPU
	EndGlobalSection
	GlobalSection(SolutionProperties) = preSolution
		HideSolutionNode = FALSE
	EndGlobalSection
	GlobalSection(ExtensibilityGlobals) = postSolution
		SolutionGuid = {5477EA13-498F-4230-822F-2B43AC79F3DE}
	EndGlobalSection
EndGlobal
